Microsoft Visual Studio Solution File, Format Version 12.00
# Visual Studio Version 17
VisualStudioVersion = 17.5.2.0
MinimumVisualStudioVersion = 10.0.40219.1
Project("{FAE04EC0-301F-11D3-BF4B-00C04F79EFBC}") = "SeriesAnalyzerProgram", "SeriesAnalyzerProgram.csproj", "{831CA998-C28E-3954-2435-7D0F75BCE5BF}"
EndProject
Global
	GlobalSection(SolutionConfigurationPlatforms) = preSolution
		Debug|Any CPU = Debug|Any CPU
		Release|Any CPU = Release|Any CPU
	EndGlobalSection
	GlobalSection(ProjectConfigurationPlatforms) = postSolution
		{831CA998-C28E-3954-2435-7D0F75BCE5BF}.Debug|Any CPU.ActiveCfg = Debug|Any CPU
		{831CA998-C28E-3954-2435-7D0F75BCE5BF}.Debug|Any CPU.Build.0 = Debug|Any CPU
		{831CA998-C28E-3954-2435-7D0F75BCE5BF}.Release|Any CPU.ActiveCfg = Release|Any CPU
		{831CA998-C28E-3954-2435-7D0F75BCE5BF}.Release|Any CPU.Build.0 = Release|Any CPU
	EndGlobalSection
	GlobalSection(SolutionProperties) = preSolution
		HideSolutionNode = FALSE
	EndGlobalSection
	GlobalSection(ExtensibilityGlobals) = postSolution
		SolutionGuid = {C3DD74FC-298B-49A2-8E40-5AC6ECC799E9}
	EndGlobalSection
EndGlobal
